<?xml version="1.0" encoding="utf-8"?>
<Project ToolsVersion="4.0" xmlns="http://schemas.microsoft.com/developer/msbuild/2003">
  <ItemGroup>
    <Filter Include="Исходные файлы">
      <UniqueIdentifier>{4FC737F1-C7A5-4376-A066-2A32D752A2FF}</UniqueIdentifier>
      <Extensions>cpp;c;cc;cxx;c++;cppm;ixx;def;odl;idl;hpj;bat;asm;asmx</Extensions>
    </Filter>
    <Filter Include="Файлы заголовков">
      <UniqueIdentifier>{93995380-89BD-4b04-88EB-625FBE52EBFB}</UniqueIdentifier>
      <Extensions>h;hh;hpp;hxx;h++;hm;inl;inc;ipp;xsd</Extensions>
    </Filter>
    <Filter Include="Файлы ресурсов">
      <UniqueIdentifier>{67DA6AB6-F800-4c08-8B7A-83BB121AAD01}</UniqueIdentifier>
      <Extensions>rc;ico;cur;bmp;dlg;rc2;rct;bin;rgs;gif;jpg;jpeg;jpe;resx;tiff;tif;png;wav;mfcribbon-ms</Extensions>
    </Filter>
  </ItemGroup>
  <ItemGroup>
    <ClCompile Include="QuadSolution.cpp">
      <Filter>Исходные файлы</Filter>
    </ClCompile>
    <ClCompile Include="Aircraft.cpp">
      <Filter>Исходные файлы</Filter>
    </ClCompile>
    <ClCompile Include="FlyModule.cpp">
      <Filter>Исходные файлы</Filter>
    </ClCompile>
    <ClCompile Include="DataCollectionModule.cpp">
      <Filter>Исходные файлы</Filter>
    </ClCompile>
    <ClCompile Include="Thermometer.cpp">
      <Filter>Исходные файлы</Filter>
    </ClCompile>
    <ClCompile Include="SmokeAnalayzer.cpp">
      <Filter>Исходные файлы</Filter>
    </ClCompile>
    <ClCompile Include="Quadcopter.cpp">
      <Filter>Исходные файлы</Filter>
    </ClCompile>
    <ClCompile Include="ElecticEngine.cpp">
      <Filter>Исходные файлы</Filter>
    </ClCompile>
    <ClCompile Include="Solution.cpp">
      <Filter>Исходные файлы</Filter>
    </ClCompile>
    <ClCompile Include="AircraftProxy.cpp">
      <Filter>Исходные файлы</Filter>
    </ClCompile>
    <ClCompile Include="CelsiusToFahrenheitAdapter.cpp">
      <Filter>Исходные файлы</Filter>
    </ClCompile>
    <ClCompile Include="CertainFixModuleImpl.cpp">
      <Filter>Исходные файлы</Filter>
    </ClCompile>
    <ClCompile Include="CertainFixationModule.cpp">
      <Filter>Исходные файлы</Filter>
    </ClCompile>
    <ClCompile Include="FixationModule.cpp">
      <Filter>Исходные файлы</Filter>
    </ClCompile>
    <ClCompile Include="EncryptedFixModuleImpl.cpp">
      <Filter>Исходные файлы</Filter>
    </ClCompile>
    <ClCompile Include="QuadcopterFactory.cpp">
      <Filter>Исходные файлы</Filter>
    </ClCompile>
    <ClCompile Include="Threecopter.cpp">
      <Filter>Исходные файлы</Filter>
    </ClCompile>
    <ClCompile Include="TherCreator.cpp">
      <Filter>Исходные файлы</Filter>
    </ClCompile>
    <ClCompile Include="SmAnCreator.cpp">
      <Filter>Исходные файлы</Filter>
    </ClCompile>
    <ClCompile Include="ConcreteAircraftFactory.cpp">
      <Filter>Исходные файлы</Filter>
    </ClCompile>
    <ClCompile Include="ControlledQuad.cpp">
      <Filter>Исходные файлы</Filter>
    </ClCompile>
    <ClCompile Include="AircraftPool.cpp">
      <Filter>Исходные файлы</Filter>
    </ClCompile>
    <ClCompile Include="FlyModFactory.cpp">
      <Filter>Исходные файлы</Filter>
    </ClCompile>
    <ClCompile Include="CollModFactory.cpp">
      <Filter>Исходные файлы</Filter>
    </ClCompile>
    <ClCompile Include="Builder.cpp">
      <Filter>Исходные файлы</Filter>
    </ClCompile>
    <ClCompile Include="ConcreteDirector1.cpp">
      <Filter>Исходные файлы</Filter>
    </ClCompile>
    <ClCompile Include="ConcreteDirector2.cpp">
      <Filter>Исходные файлы</Filter>
    </ClCompile>
    <ClCompile Include="Director.cpp">
      <Filter>Исходные файлы</Filter>
    </ClCompile>
    <ClCompile Include="AircraftOff.cpp">
      <Filter>Исходные файлы</Filter>
    </ClCompile>
    <ClCompile Include="AircraftOn.cpp">
      <Filter>Исходные файлы</Filter>
    </ClCompile>
    <ClCompile Include="AircraftDataColl.cpp">
      <Filter>Исходные файлы</Filter>
    </ClCompile>
    <ClCompile Include="MementoState.cpp">
      <Filter>Исходные файлы</Filter>
    </ClCompile>
    <ClCompile Include="ObserverPos.cpp">
      <Filter>Исходные файлы</Filter>
    </ClCompile>
    <ClCompile Include="CommandSensor.cpp">
      <Filter>Исходные файлы</Filter>
    </ClCompile>
    <ClCompile Include="CommandGetInfo.cpp">
      <Filter>Исходные файлы</Filter>
    </ClCompile>
    <ClCompile Include="CommandSetSetting.cpp">
      <Filter>Исходные файлы</Filter>
    </ClCompile>
    <ClCompile Include="Invoker.cpp">
      <Filter>Исходные файлы</Filter>
    </ClCompile>
    <ClCompile Include="Handler.cpp">
      <Filter>Исходные файлы</Filter>
    </ClCompile>
    <ClCompile Include="ManualFly.cpp">
      <Filter>Исходные файлы</Filter>
    </ClCompile>
    <ClCompile Include="AutoFly.cpp">
      <Filter>Исходные файлы</Filter>
    </ClCompile>
    <ClCompile Include="GetInfoVisitor.cpp">
      <Filter>Исходные файлы</Filter>
    </ClCompile>
    <ClCompile Include="ISensor.cpp">
      <Filter>Исходные файлы</Filter>
    </ClCompile>
    <ClCompile Include="SetSettingVisitor.cpp">
      <Filter>Исходные файлы</Filter>
    </ClCompile>
  </ItemGroup>
  <ItemGroup>
    <ClInclude Include="Aircraft.h">
      <Filter>Файлы заголовков</Filter>
    </ClInclude>
    <ClInclude Include="IEngine.h">
      <Filter>Файлы заголовков</Filter>
    </ClInclude>
    <ClInclude Include="FlyModule.h">
      <Filter>Файлы заголовков</Filter>
    </ClInclude>
    <ClInclude Include="DataCollectionModule.h">
      <Filter>Файлы заголовков</Filter>
    </ClInclude>
    <ClInclude Include="ISensor.h">
      <Filter>Файлы заголовков</Filter>
    </ClInclude>
    <ClInclude Include="Thermometer.h">
      <Filter>Файлы заголовков</Filter>
    </ClInclude>
    <ClInclude Include="SmokeAnalayzer.h">
      <Filter>Файлы заголовков</Filter>
    </ClInclude>
    <ClInclude Include="Quadcopter.h">
      <Filter>Файлы заголовков</Filter>
    </ClInclude>
    <ClInclude Include="ElecticEngine.h">
      <Filter>Файлы заголовков</Filter>
    </ClInclude>
    <ClInclude Include="ISolution.h">
      <Filter>Файлы заголовков</Filter>
    </ClInclude>
    <ClInclude Include="Solution.h">
      <Filter>Файлы заголовков</Filter>
    </ClInclude>
    <ClInclude Include="AircraftProxy.h">
      <Filter>Файлы заголовков</Filter>
    </ClInclude>
    <ClInclude Include="Iterator.h">
      <Filter>Файлы заголовков</Filter>
    </ClInclude>
    <ClInclude Include="Aggregate.h">
      <Filter>Файлы заголовков</Filter>
    </ClInclude>
    <ClInclude Include="Element.h">
      <Filter>Файлы заголовков</Filter>
    </ClInclude>
    <ClInclude Include="FireDetectionModule.h">
      <Filter>Файлы заголовков</Filter>
    </ClInclude>
    <ClInclude Include="CelsiusToFahrenheitAdapter.h">
      <Filter>Файлы заголовков</Filter>
    </ClInclude>
    <ClInclude Include="DecoratorModule.h">
      <Filter>Файлы заголовков</Filter>
    </ClInclude>
    <ClInclude Include="FixationModuleImpl.h">
      <Filter>Файлы заголовков</Filter>
    </ClInclude>
    <ClInclude Include="CertainFixModuleImpl.h">
      <Filter>Файлы заголовков</Filter>
    </ClInclude>
    <ClInclude Include="FixationModule.h">
      <Filter>Файлы заголовков</Filter>
    </ClInclude>
    <ClInclude Include="CertainFixationModule.h">
      <Filter>Файлы заголовков</Filter>
    </ClInclude>
    <ClInclude Include="EncryptedFixModuleImpl.h">
      <Filter>Файлы заголовков</Filter>
    </ClInclude>
    <ClInclude Include="QuadcopterFactory.h">
      <Filter>Файлы заголовков</Filter>
    </ClInclude>
    <ClInclude Include="Threecopter.h">
      <Filter>Файлы заголовков</Filter>
    </ClInclude>
    <ClInclude Include="Point.h">
      <Filter>Файлы заголовков</Filter>
    </ClInclude>
    <ClInclude Include="SensorCreator.h">
      <Filter>Файлы заголовков</Filter>
    </ClInclude>
    <ClInclude Include="TherCreator.h">
      <Filter>Файлы заголовков</Filter>
    </ClInclude>
    <ClInclude Include="SmAnCreator.h">
      <Filter>Файлы заголовков</Filter>
    </ClInclude>
    <ClInclude Include="AircraftFactory.h">
      <Filter>Файлы заголовков</Filter>
    </ClInclude>
    <ClInclude Include="ConcreteAircraftFactory.h">
      <Filter>Файлы заголовков</Filter>
    </ClInclude>
    <ClInclude Include="ControlledQuad.h">
      <Filter>Файлы заголовков</Filter>
    </ClInclude>
    <ClInclude Include="AircraftPool.h">
      <Filter>Файлы заголовков</Filter>
    </ClInclude>
    <ClInclude Include="FlyModFactory.h">
      <Filter>Файлы заголовков</Filter>
    </ClInclude>
    <ClInclude Include="CollModFactory.h">
      <Filter>Файлы заголовков</Filter>
    </ClInclude>
    <ClInclude Include="Builder.h">
      <Filter>Файлы заголовков</Filter>
    </ClInclude>
    <ClInclude Include="Director.h">
      <Filter>Файлы заголовков</Filter>
    </ClInclude>
    <ClInclude Include="ConcreteDirector1.h">
      <Filter>Файлы заголовков</Filter>
    </ClInclude>
    <ClInclude Include="ConcreteDirector2.h">
      <Filter>Файлы заголовков</Filter>
    </ClInclude>
    <ClInclude Include="AircraftState.h">
      <Filter>Файлы заголовков</Filter>
    </ClInclude>
    <ClInclude Include="AircraftOff.h">
      <Filter>Файлы заголовков</Filter>
    </ClInclude>
    <ClInclude Include="AircraftOn.h">
      <Filter>Файлы заголовков</Filter>
    </ClInclude>
    <ClInclude Include="AircraftDataColl.h">
      <Filter>Файлы заголовков</Filter>
    </ClInclude>
    <ClInclude Include="MementoState.h">
      <Filter>Файлы заголовков</Filter>
    </ClInclude>
    <ClInclude Include="IObserver.h">
      <Filter>Файлы заголовков</Filter>
    </ClInclude>
    <ClInclude Include="ObserverPos.h">
      <Filter>Файлы заголовков</Filter>
    </ClInclude>
    <ClInclude Include="CommandSensor.h">
      <Filter>Файлы заголовков</Filter>
    </ClInclude>
    <ClInclude Include="CommandGetInfo.h">
      <Filter>Файлы заголовков</Filter>
    </ClInclude>
    <ClInclude Include="CommandSetSetting.h">
      <Filter>Файлы заголовков</Filter>
    </ClInclude>
    <ClInclude Include="Invoker.h">
      <Filter>Файлы заголовков</Filter>
    </ClInclude>
    <ClInclude Include="Handler.h">
      <Filter>Файлы заголовков</Filter>
    </ClInclude>
    <ClInclude Include="ManualFly.h">
      <Filter>Файлы заголовков</Filter>
    </ClInclude>
    <ClInclude Include="AutoFly.h">
      <Filter>Файлы заголовков</Filter>
    </ClInclude>
    <ClInclude Include="IVisitor.h">
      <Filter>Файлы заголовков</Filter>
    </ClInclude>
    <ClInclude Include="GetInfoVisitor.h">
      <Filter>Файлы заголовков</Filter>
    </ClInclude>
    <ClInclude Include="SetSettingVisitor.h">
      <Filter>Файлы заголовков</Filter>
    </ClInclude>
  </ItemGroup>
</Project>